
Microsoft Visual Studio Solution File, Format Version 12.00
# Visual Studio Version 17
VisualStudioVersion = 17.4.33213.308
MinimumVisualStudioVersion = 10.0.40219.1
Project("{FAE04EC0-301F-11D3-BF4B-00C04F79EFBC}") = "LeagueBot", "LeagueBot.csproj", "{835A94C4-CD86-41B0-A5EB-01B4FCC39561}"
EndProject
Global
	GlobalSection(SolutionConfigurationPlatforms) = preSolution
		Debug|Any CPU = Debug|Any CPU
		Release|Any CPU = Release|Any CPU
	EndGlobalSection
	GlobalSection(ProjectConfigurationPlatforms) = postSolution
		{835A94C4-CD86-41B0-A5EB-01B4FCC39561}.Debug|Any CPU.ActiveCfg = Debug|Any CPU
		{835A94C4-CD86-41B0-A5EB-01B4FCC39561}.Debug|Any CPU.Build.0 = Debug|Any CPU
		{835A94C4-CD86-41B0-A5EB-01B4FCC39561}.Release|Any CPU.ActiveCfg = Release|Any CPU
		{835A94C4-CD86-41B0-A5EB-01B4FCC39561}.Release|Any CPU.Build.0 = Release|Any CPU
	EndGlobalSection
	GlobalSection(SolutionProperties) = preSolution
		HideSolutionNode = FALSE
	EndGlobalSection
	GlobalSection(ExtensibilityGlobals) = postSolution
		SolutionGuid = {01B413C7-9B64-4B90-AC65-D2D36F20225B}
	EndGlobalSection
EndGlobal
